
Microsoft Visual Studio Solution File, Format Version 12.00
# Visual Studio Express 2013 for Windows Desktop
VisualStudioVersion = 12.0.31101.0
MinimumVisualStudioVersion = 10.0.40219.1
Project("{8BC9CEB8-8B4A-11D0-8D11-00A0C91BC942}") = "Examen", "Examen\Examen.vcxproj", "{1545DD55-477C-48AA-A63D-6D71367D5668}"
EndProject
Project("{8BC9CEB8-8B4A-11D0-8D11-00A0C91BC942}") = "UnitTest1", "UnitTest1\UnitTest1.vcxproj", "{0AD124F0-FD82-4C88-826E-A83BE648915B}"
EndProject
Global
	GlobalSection(SolutionConfigurationPlatforms) = preSolution
		Debug|Win32 = Debug|Win32
		Release|Win32 = Release|Win32
	EndGlobalSection
	GlobalSection(ProjectConfigurationPlatforms) = postSolution
		{1545DD55-477C-48AA-A63D-6D71367D5668}.Debug|Win32.ActiveCfg = Debug|Win32
		{1545DD55-477C-48AA-A63D-6D71367D5668}.Debug|Win32.Build.0 = Debug|Win32
		{1545DD55-477C-48AA-A63D-6D71367D5668}.Release|Win32.ActiveCfg = Release|Win32
		{1545DD55-477C-48AA-A63D-6D71367D5668}.Release|Win32.Build.0 = Release|Win32
		{0AD124F0-FD82-4C88-826E-A83BE648915B}.Debug|Win32.ActiveCfg = Debug|Win32
		{0AD124F0-FD82-4C88-826E-A83BE648915B}.Debug|Win32.Build.0 = Debug|Win32
		{0AD124F0-FD82-4C88-826E-A83BE648915B}.Release|Win32.ActiveCfg = Release|Win32
		{0AD124F0-FD82-4C88-826E-A83BE648915B}.Release|Win32.Build.0 = Release|Win32
	EndGlobalSection
	GlobalSection(SolutionProperties) = preSolution
		HideSolutionNode = FALSE
	EndGlobalSection
EndGlobal
